
Microsoft Visual Studio Solution File, Format Version 12.00
# Visual Studio Version 16
VisualStudioVersion = 16.0.29411.108
MinimumVisualStudioVersion = 10.0.40219.1
Project("{FAE04EC0-301F-11D3-BF4B-00C04F79EFBC}") = "sunshield", "sunshield.csproj", "{786B69D2-7DC5-4DC6-B61B-50E930E4379E}"
EndProject
Global
	GlobalSection(SolutionConfigurationPlatforms) = preSolution
		Debug|Any CPU = Debug|Any CPU
		Release|Any CPU = Release|Any CPU
	EndGlobalSection
	GlobalSection(ProjectConfigurationPlatforms) = postSolution
		{786B69D2-7DC5-4DC6-B61B-50E930E4379E}.Debug|Any CPU.ActiveCfg = Debug|Any CPU
		{786B69D2-7DC5-4DC6-B61B-50E930E4379E}.Debug|Any CPU.Build.0 = Debug|Any CPU
		{786B69D2-7DC5-4DC6-B61B-50E930E4379E}.Release|Any CPU.ActiveCfg = Release|Any CPU
		{786B69D2-7DC5-4DC6-B61B-50E930E4379E}.Release|Any CPU.Build.0 = Release|Any CPU
	EndGlobalSection
	GlobalSection(SolutionProperties) = preSolution
		HideSolutionNode = FALSE
	EndGlobalSection
	GlobalSection(ExtensibilityGlobals) = postSolution
		SolutionGuid = {49C08385-4F51-48CB-B741-80B03123E282}
	EndGlobalSection
EndGlobal
